
Microsoft Visual Studio Solution File, Format Version 12.00
# Visual Studio 15
VisualStudioVersion = 15.0.26730.16
MinimumVisualStudioVersion = 10.0.40219.1
Project("{FAE04EC0-301F-11D3-BF4B-00C04F79EFBC}") = "UnitTestingFrameworks", "UnitTestingFrameworks\UnitTestingFrameworks.csproj", "{8032613D-1F97-4317-863C-C808596EB36D}"
EndProject
Project("{FAE04EC0-301F-11D3-BF4B-00C04F79EFBC}") = "TestingWithMSTest", "TestingWithMSTest\TestingWithMSTest.csproj", "{2245ECF1-B4B4-42E5-A3F7-352333295CE8}"
EndProject
Project("{FAE04EC0-301F-11D3-BF4B-00C04F79EFBC}") = "TestingWithXUnit", "TestingWithXUnit\TestingWithXUnit.csproj", "{F181A1D1-7F80-4ED7-AECE-9E698E72BD0E}"
EndProject
Project("{FAE04EC0-301F-11D3-BF4B-00C04F79EFBC}") = "TestingWithNUnit", "TestingWithNUnit\TestingWithNUnit.csproj", "{FFB4AE32-D966-48A9-8BCF-0BDEACFF68C0}"
EndProject
Global
	GlobalSection(SolutionConfigurationPlatforms) = preSolution
		Debug|Any CPU = Debug|Any CPU
		Release|Any CPU = Release|Any CPU
	EndGlobalSection
	GlobalSection(ProjectConfigurationPlatforms) = postSolution
		{8032613D-1F97-4317-863C-C808596EB36D}.Debug|Any CPU.ActiveCfg = Debug|Any CPU
		{8032613D-1F97-4317-863C-C808596EB36D}.Debug|Any CPU.Build.0 = Debug|Any CPU
		{8032613D-1F97-4317-863C-C808596EB36D}.Release|Any CPU.ActiveCfg = Release|Any CPU
		{8032613D-1F97-4317-863C-C808596EB36D}.Release|Any CPU.Build.0 = Release|Any CPU
		{2245ECF1-B4B4-42E5-A3F7-352333295CE8}.Debug|Any CPU.ActiveCfg = Debug|Any CPU
		{2245ECF1-B4B4-42E5-A3F7-352333295CE8}.Debug|Any CPU.Build.0 = Debug|Any CPU
		{2245ECF1-B4B4-42E5-A3F7-352333295CE8}.Release|Any CPU.ActiveCfg = Release|Any CPU
		{2245ECF1-B4B4-42E5-A3F7-352333295CE8}.Release|Any CPU.Build.0 = Release|Any CPU
		{F181A1D1-7F80-4ED7-AECE-9E698E72BD0E}.Debug|Any CPU.ActiveCfg = Debug|Any CPU
		{F181A1D1-7F80-4ED7-AECE-9E698E72BD0E}.Debug|Any CPU.Build.0 = Debug|Any CPU
		{F181A1D1-7F80-4ED7-AECE-9E698E72BD0E}.Release|Any CPU.ActiveCfg = Release|Any CPU
		{F181A1D1-7F80-4ED7-AECE-9E698E72BD0E}.Release|Any CPU.Build.0 = Release|Any CPU
		{FFB4AE32-D966-48A9-8BCF-0BDEACFF68C0}.Debug|Any CPU.ActiveCfg = Debug|Any CPU
		{FFB4AE32-D966-48A9-8BCF-0BDEACFF68C0}.Debug|Any CPU.Build.0 = Debug|Any CPU
		{FFB4AE32-D966-48A9-8BCF-0BDEACFF68C0}.Release|Any CPU.ActiveCfg = Release|Any CPU
		{FFB4AE32-D966-48A9-8BCF-0BDEACFF68C0}.Release|Any CPU.Build.0 = Release|Any CPU
	EndGlobalSection
	GlobalSection(SolutionProperties) = preSolution
		HideSolutionNode = FALSE
	EndGlobalSection
	GlobalSection(ExtensibilityGlobals) = postSolution
		SolutionGuid = {6B89F478-C848-4B8B-8B75-50C9B556AFD3}
	EndGlobalSection
EndGlobal
